
Microsoft Visual Studio Solution File, Format Version 12.00
# Visual Studio 15
VisualStudioVersion = 15.0.28307.136
MinimumVisualStudioVersion = 10.0.40219.1
Project("{FAE04EC0-301F-11D3-BF4B-00C04F79EFBC}") = "ExtentionMethods", "ExtentionMethods\ExtentionMethods.csproj", "{F7492F7F-774E-4AD4-9274-F4F9CADE5267}"
EndProject
Global
	GlobalSection(SolutionConfigurationPlatforms) = preSolution
		Debug|Any CPU = Debug|Any CPU
		Release|Any CPU = Release|Any CPU
	EndGlobalSection
	GlobalSection(ProjectConfigurationPlatforms) = postSolution
		{F7492F7F-774E-4AD4-9274-F4F9CADE5267}.Debug|Any CPU.ActiveCfg = Debug|Any CPU
		{F7492F7F-774E-4AD4-9274-F4F9CADE5267}.Debug|Any CPU.Build.0 = Debug|Any CPU
		{F7492F7F-774E-4AD4-9274-F4F9CADE5267}.Release|Any CPU.ActiveCfg = Release|Any CPU
		{F7492F7F-774E-4AD4-9274-F4F9CADE5267}.Release|Any CPU.Build.0 = Release|Any CPU
	EndGlobalSection
	GlobalSection(SolutionProperties) = preSolution
		HideSolutionNode = FALSE
	EndGlobalSection
	GlobalSection(ExtensibilityGlobals) = postSolution
		SolutionGuid = {569645C4-ED77-420A-976A-4D53F19E60D9}
	EndGlobalSection
EndGlobal
